Microsoft Visual Studio Solution File, Format Version 12.00
# Visual Studio Version 17
VisualStudioVersion = 17.5.2.0
MinimumVisualStudioVersion = 10.0.40219.1
Project("{FAE04EC0-301F-11D3-BF4B-00C04F79EFBC}") = "tg_bot_monitoring", "tg_bot_monitoring\tg_bot_monitoring.csproj", "{A8C349A7-E287-EA14-4D44-C07392936DFC}"
EndProject
Global
	GlobalSection(SolutionConfigurationPlatforms) = preSolution
		Debug|Any CPU = Debug|Any CPU
		Release|Any CPU = Release|Any CPU
	EndGlobalSection
	GlobalSection(ProjectConfigurationPlatforms) = postSolution
		{A8C349A7-E287-EA14-4D44-C07392936DFC}.Debug|Any CPU.ActiveCfg = Debug|Any CPU
		{A8C349A7-E287-EA14-4D44-C07392936DFC}.Debug|Any CPU.Build.0 = Debug|Any CPU
		{A8C349A7-E287-EA14-4D44-C07392936DFC}.Release|Any CPU.ActiveCfg = Release|Any CPU
		{A8C349A7-E287-EA14-4D44-C07392936DFC}.Release|Any CPU.Build.0 = Release|Any CPU
	EndGlobalSection
	GlobalSection(SolutionProperties) = preSolution
		HideSolutionNode = FALSE
	EndGlobalSection
	GlobalSection(ExtensibilityGlobals) = postSolution
		SolutionGuid = {F6A84547-20E1-4DD6-845D-32C989A7FB25}
	EndGlobalSection
EndGlobal
